// !$*UTF8*$!
{
	archiveVersion = 1;
	classes = {
	};
	objectVersion = 77;
	objects = {

/* Begin PBXBuildFile section */
		BC3A1B1B2F1A000100406D9A /* GoogleService-Info.plist in Resources */ = {isa = PBXBuildFile; fileRef = BC3A1B1A2F1A000100406D9A /* GoogleService-Info.plist */; };
		BC5D91F62F29A5BD00C183A4 /* NotelayerShareExtension.appex in Embed Foundation Extensions */ = {isa = PBXBuildFile; fileRef = BC5D91EC2F29A5BD00C183A4 /* NotelayerShareExtension.appex */; settings = {ATTRIBUTES = (RemoveHeadersOnCopy, ); }; };
		BC9FDFA92F305CFC0011A419 /* GoogleService-Info.plist in Resources */ = {isa = PBXBuildFile; fileRef = BC3A1B1A2F1A000100406D9A /* GoogleService-Info.plist */; };
		E2828DDB85AF624896C03D90 /* ScreenshotGenerationTests.swift in Sources */ = {isa = PBXBuildFile; fileRef = 78B7D28EA766390BACBFB989 /* ScreenshotGenerationTests.swift */; };
		EB36A7DD243F4FC829226FC9 /* Pods_Notelayer.framework in Frameworks */ = {isa = PBXBuildFile; fileRef = 0FE39EC02E4BE394B620DF83 /* Pods_Notelayer.framework */; };
		F1A0B1C2D3E4F50000000011 /* InsightsAggregatorTests.swift in Sources */ = {isa = PBXBuildFile; fileRef = F1A0B1C2D3E4F50000000001 /* InsightsAggregatorTests.swift */; };
		F1A0B1C2D3E4F50000000012 /* Notelayer/Data/Models.swift in Sources */ = {isa = PBXBuildFile; fileRef = F1A0B1C2D3E4F50000000004 /* Notelayer/Data/Models.swift */; };
		F1A0B1C2D3E4F50000000013 /* Notelayer/Data/InsightsMetricDefinitions.swift in Sources */ = {isa = PBXBuildFile; fileRef = F1A0B1C2D3E4F50000000005 /* Notelayer/Data/InsightsMetricDefinitions.swift */; };
		F1A0B1C2D3E4F50000000014 /* Notelayer/Services/InsightsTelemetryStore.swift in Sources */ = {isa = PBXBuildFile; fileRef = F1A0B1C2D3E4F50000000006 /* Notelayer/Services/InsightsTelemetryStore.swift */; };
		F1A0B1C2D3E4F50000000015 /* Notelayer/Services/InsightsAggregator.swift in Sources */ = {isa = PBXBuildFile; fileRef = F1A0B1C2D3E4F50000000007 /* Notelayer/Services/InsightsAggregator.swift */; };
		F1A0B1C2D3E4F50000000016 /* Notelayer/Data/CategoryColorDefaults.swift in Sources */ = {isa = PBXBuildFile; fileRef = F1A0B1C2D3E4F50000000008 /* Notelayer/Data/CategoryColorDefaults.swift */; };
		F1A0B1C2D3E4F50000000017 /* InsightsStressFixture.swift in Sources */ = {isa = PBXBuildFile; fileRef = F1A0B1C2D3E4F50000000009 /* InsightsStressFixture.swift */; };
/* End PBXBuildFile section */

/* Begin PBXContainerItemProxy section */
		BC2B47932F25421C00F6D5C6 /* PBXContainerItemProxy */ = {
			isa = PBXContainerItemProxy;
			containerPortal = BC2CCDCE2F174A5100406D9A /* Project object */;
			proxyType = 1;
			remoteGlobalIDString = BC2CCDD52F174A5100406D9A;
			remoteInfo = Notelayer;
		};
		BC5D91F42F29A5BD00C183A4 /* PBXContainerItemProxy */ = {
			isa = PBXContainerItemProxy;
			containerPortal = BC2CCDCE2F174A5100406D9A /* Project object */;
			proxyType = 1;
			remoteGlobalIDString = BC5D91EB2F29A5BD00C183A4;
			remoteInfo = NotelayerShareExtension;
		};
/* End PBXContainerItemProxy section */

/* Begin PBXCopyFilesBuildPhase section */
		BC5D91FB2F29A5BD00C183A4 /* Embed Foundation Extensions */ = {
			isa = PBXCopyFilesBuildPhase;
			buildActionMask = 2147483647;
			dstPath = "";
			dstSubfolderSpec = 13;
			files = (
				BC5D91F62F29A5BD00C183A4 /* NotelayerShareExtension.appex in Embed Foundation Extensions */,
			);
			name = "Embed Foundation Extensions";
			runOnlyForDeploymentPostprocessing = 0;
		};
/* End PBXCopyFilesBuildPhase section */

/* Begin PBXFileReference section */
		028BD27DA9D4DD97E8AA6B32 /* Pods-Notelayer.debug.xcconfig */ = {isa = PBXFileReference; includeInIndex = 1; lastKnownFileType = text.xcconfig; name = "Pods-Notelayer.debug.xcconfig"; path = "Target Support Files/Pods-Notelayer/Pods-Notelayer.debug.xcconfig"; sourceTree = "<group>"; };
		0FE39EC02E4BE394B620DF83 /* Pods_Notelayer.framework */ = {isa = PBXFileReference; explicitFileType = wrapper.framework; includeInIndex = 0; path = Pods_Notelayer.framework; sourceTree = BUILT_PRODUCTS_DIR; };
		313235613231363861323230 /* NotelayerScreenshotTests.xctest */ = {isa = PBXFileReference; explicitFileType = wrapper.cfbundle; includeInIndex = 0; path = NotelayerScreenshotTests.xctest; sourceTree = BUILT_PRODUCTS_DIR; };
		78B7D28EA766390BACBFB989 /* ScreenshotGenerationTests.swift */ = {isa = PBXFileReference; includeInIndex = 1; lastKnownFileType = sourcecode.swift; path = ScreenshotGenerationTests.swift; sourceTree = "<group>"; };
		B1668D698DB0F51955D2B3ED /* Pods-Notelayer.release.xcconfig */ = {isa = PBXFileReference; includeInIndex = 1; lastKnownFileType = text.xcconfig; name = "Pods-Notelayer.release.xcconfig"; path = "Target Support Files/Pods-Notelayer/Pods-Notelayer.release.xcconfig"; sourceTree = "<group>"; };
		BC2CCDD62F174A5100406D9A /* Notelayer.app */ = {isa = PBXFileReference; explicitFileType = wrapper.application; includeInIndex = 0; path = Notelayer.app; sourceTree = BUILT_PRODUCTS_DIR; };
		BC3A1B1A2F1A000100406D9A /* GoogleService-Info.plist */ = {isa = PBXFileReference; lastKnownFileType = text.plist.xml; path = "GoogleService-Info.plist"; sourceTree = "<group>"; };
		BC5D91EC2F29A5BD00C183A4 /* NotelayerShareExtension.appex */ = {isa = PBXFileReference; explicitFileType = "wrapper.app-extension"; includeInIndex = 0; path = NotelayerShareExtension.appex; sourceTree = BUILT_PRODUCTS_DIR; };
		DDB534F696F0460E82304867 /* Notelayer/NotelayerRelease.entitlements */ = {isa = PBXFileReference; lastKnownFileType = text.plist.entitlements; path = Notelayer/NotelayerRelease.entitlements; sourceTree = "<group>"; };
		F1A0B1C2D3E4F50000000001 /* InsightsAggregatorTests.swift */ = {isa = PBXFileReference; includeInIndex = 1; lastKnownFileType = sourcecode.swift; path = InsightsAggregatorTests.swift; sourceTree = "<group>"; };
		F1A0B1C2D3E4F50000000002 /* Info.plist */ = {isa = PBXFileReference; includeInIndex = 1; lastKnownFileType = text.plist.xml; path = Info.plist; sourceTree = "<group>"; };
		F1A0B1C2D3E4F50000000003 /* NotelayerInsightsTests.xctest */ = {isa = PBXFileReference; explicitFileType = wrapper.cfbundle; includeInIndex = 0; path = NotelayerInsightsTests.xctest; sourceTree = BUILT_PRODUCTS_DIR; };
		F1A0B1C2D3E4F50000000004 /* Notelayer/Data/Models.swift */ = {isa = PBXFileReference; includeInIndex = 1; lastKnownFileType = sourcecode.swift; path = Notelayer/Data/Models.swift; sourceTree = SOURCE_ROOT; };
		F1A0B1C2D3E4F50000000005 /* Notelayer/Data/InsightsMetricDefinitions.swift */ = {isa = PBXFileReference; includeInIndex = 1; lastKnownFileType = sourcecode.swift; path = Notelayer/Data/InsightsMetricDefinitions.swift; sourceTree = SOURCE_ROOT; };
		F1A0B1C2D3E4F50000000006 /* Notelayer/Services/InsightsTelemetryStore.swift */ = {isa = PBXFileReference; includeInIndex = 1; lastKnownFileType = sourcecode.swift; path = Notelayer/Services/InsightsTelemetryStore.swift; sourceTree = SOURCE_ROOT; };
		F1A0B1C2D3E4F50000000007 /* Notelayer/Services/InsightsAggregator.swift */ = {isa = PBXFileReference; includeInIndex = 1; lastKnownFileType = sourcecode.swift; path = Notelayer/Services/InsightsAggregator.swift; sourceTree = SOURCE_ROOT; };
		F1A0B1C2D3E4F50000000008 /* Notelayer/Data/CategoryColorDefaults.swift */ = {isa = PBXFileReference; includeInIndex = 1; lastKnownFileType = sourcecode.swift; path = Notelayer/Data/CategoryColorDefaults.swift; sourceTree = SOURCE_ROOT; };
		F1A0B1C2D3E4F50000000009 /* InsightsStressFixture.swift */ = {isa = PBXFileReference; includeInIndex = 1; lastKnownFileType = sourcecode.swift; path = InsightsStressFixture.swift; sourceTree = "<group>"; };
		FB965E1A6487C5856ABC702C /* Info.plist */ = {isa = PBXFileReference; includeInIndex = 1; lastKnownFileType = text.plist.xml; path = Info.plist; sourceTree = "<group>"; };
/* End PBXFileReference section */

/* Begin PBXFileSystemSynchronizedBuildFileExceptionSet section */
		BC5D91EE2F29A5BD00C183A5 /* Exceptions for "NotelayerShareExtension" folder in "NotelayerShareExtension" target */ = {
			isa = PBXFileSystemSynchronizedBuildFileExceptionSet;
			membershipExceptions = (
				Info.plist,
			);
			target = BC5D91EB2F29A5BD00C183A4 /* NotelayerShareExtension */;
		};
		BC5D92012F29A89100C183A4 /* Exceptions for "Notelayer" folder in "NotelayerShareExtension" target */ = {
			isa = PBXFileSystemSynchronizedBuildFileExceptionSet;
			membershipExceptions = (
				Data/CategoryColorDefaults.swift,
				Data/Models.swift,
				Data/SharedItem.swift,
				Utils/ColorHex.swift,
				Views/Shared/CategoryChipGridView.swift,
				Views/Shared/TaskEditorSections.swift,
			);
			target = BC5D91EB2F29A5BD00C183A4 /* NotelayerShareExtension */;
		};
/* End PBXFileSystemSynchronizedBuildFileExceptionSet section */

/* Begin PBXFileSystemSynchronizedRootGroup section */
		BC2CCDD82F174A5100406D9A /* Notelayer */ = {
			isa = PBXFileSystemSynchronizedRootGroup;
			exceptions = (
				BC5D92012F29A89100C183A4 /* Exceptions for "Notelayer" folder in "NotelayerShareExtension" target */,
			);
			path = Notelayer;
			sourceTree = "<group>";
		};
		BC5D91ED2F29A5BD00C183A4 /* NotelayerShareExtension */ = {
			isa = PBXFileSystemSynchronizedRootGroup;
			exceptions = (
				BC5D91EE2F29A5BD00C183A5 /* Exceptions for "NotelayerShareExtension" folder in "NotelayerShareExtension" target */,
			);
			path = NotelayerShareExtension;
			sourceTree = "<group>";
		};
/* End PBXFileSystemSynchronizedRootGroup section */

/* Begin PBXFrameworksBuildPhase section */
		363035386163383739613963 /* Frameworks */ = {
			isa = PBXFrameworksBuildPhase;
			buildActionMask = 2147483647;
			files = (
			);
			runOnlyForDeploymentPostprocessing = 0;
		};
		BC2CCDD32F174A5100406D9A /* Frameworks */ = {
			isa = PBXFrameworksBuildPhase;
			buildActionMask = 2147483647;
			files = (
				EB36A7DD243F4FC829226FC9 /* Pods_Notelayer.framework in Frameworks */,
			);
			runOnlyForDeploymentPostprocessing = 0;
		};
		BC5D91E92F29A5BD00C183A4 /* Frameworks */ = {
			isa = PBXFrameworksBuildPhase;
			buildActionMask = 2147483647;
			files = (
			);
			runOnlyForDeploymentPostprocessing = 0;
		};
		F1A0B1C2D3E4F50000000032 /* Frameworks */ = {
			isa = PBXFrameworksBuildPhase;
			buildActionMask = 2147483647;
			files = (
			);
			runOnlyForDeploymentPostprocessing = 0;
		};
/* End PBXFrameworksBuildPhase section */

/* Begin PBXGroup section */
		08CB923FFFAA2FF6BF1A59CC /* Frameworks */ = {
			isa = PBXGroup;
			children = (
				0FE39EC02E4BE394B620DF83 /* Pods_Notelayer.framework */,
			);
			name = Frameworks;
			sourceTree = "<group>";
		};
		174C9A5E65526372669F0AA1 /* NotelayerScreenshotTests */ = {
			isa = PBXGroup;
			children = (
				78B7D28EA766390BACBFB989 /* ScreenshotGenerationTests.swift */,
				FB965E1A6487C5856ABC702C /* Info.plist */,
			);
			path = NotelayerScreenshotTests;
			sourceTree = "<group>";
		};
		506ABC58E352DFA27C6F600C /* Pods */ = {
			isa = PBXGroup;
			children = (
				028BD27DA9D4DD97E8AA6B32 /* Pods-Notelayer.debug.xcconfig */,
				B1668D698DB0F51955D2B3ED /* Pods-Notelayer.release.xcconfig */,
			);
			path = Pods;
			sourceTree = "<group>";
		};
		BC2CCDCD2F174A5100406D9A = {
			isa = PBXGroup;
			children = (
				BC2CCDD82F174A5100406D9A /* Notelayer */,
				BC3A1B1A2F1A000100406D9A /* GoogleService-Info.plist */,
				DDB534F696F0460E82304867 /* Notelayer/NotelayerRelease.entitlements */,
				BC5D91ED2F29A5BD00C183A4 /* NotelayerShareExtension */,
				BC2CCDD72F174A5100406D9A /* Products */,
				F1A0B1C2D3E4F50000000021 /* NotelayerInsightsTests */,
				174C9A5E65526372669F0AA1 /* NotelayerScreenshotTests */,
				506ABC58E352DFA27C6F600C /* Pods */,
				08CB923FFFAA2FF6BF1A59CC /* Frameworks */,
			);
			sourceTree = "<group>";
		};
		BC2CCDD72F174A5100406D9A /* Products */ = {
			isa = PBXGroup;
			children = (
				BC2CCDD62F174A5100406D9A /* Notelayer.app */,
				F1A0B1C2D3E4F50000000003 /* NotelayerInsightsTests.xctest */,
				313235613231363861323230 /* NotelayerScreenshotTests.xctest */,
				BC5D91EC2F29A5BD00C183A4 /* NotelayerShareExtension.appex */,
			);
			name = Products;
			sourceTree = "<group>";
		};
		F1A0B1C2D3E4F50000000021 /* NotelayerInsightsTests */ = {
			isa = PBXGroup;
			children = (
				F1A0B1C2D3E4F50000000001 /* InsightsAggregatorTests.swift */,
				F1A0B1C2D3E4F50000000004 /* Notelayer/Data/Models.swift */,
				F1A0B1C2D3E4F50000000008 /* Notelayer/Data/CategoryColorDefaults.swift */,
				F1A0B1C2D3E4F50000000005 /* Notelayer/Data/InsightsMetricDefinitions.swift */,
				F1A0B1C2D3E4F50000000006 /* Notelayer/Services/InsightsTelemetryStore.swift */,
				F1A0B1C2D3E4F50000000007 /* Notelayer/Services/InsightsAggregator.swift */,
				F1A0B1C2D3E4F50000000009 /* InsightsStressFixture.swift */,
				F1A0B1C2D3E4F50000000002 /* Info.plist */,
			);
			path = NotelayerInsightsTests;
			sourceTree = "<group>";
		};
/* End PBXGroup section */

/* Begin PBXNativeTarget section */
		303233363063333438613162 /* NotelayerScreenshotTests */ = {
			isa = PBXNativeTarget;
			buildConfigurationList = 653636356164663864626163 /* Build configuration list for PBXNativeTarget "NotelayerScreenshotTests" */;
			buildPhases = (
				373439373734396364633064 /* Sources */,
				363035386163383739613963 /* Frameworks */,
				626364633737643165316262 /* Resources */,
			);
			buildRules = (
			);
			dependencies = (
				626232656465613338653137 /* PBXTargetDependency */,
			);
			name = NotelayerScreenshotTests;
			productName = NotelayerScreenshotTests;
			productReference = 313235613231363861323230 /* NotelayerScreenshotTests.xctest */;
			productType = "com.apple.product-type.bundle.ui-testing";
		};
		BC2CCDD52F174A5100406D9A /* Notelayer */ = {
			isa = PBXNativeTarget;
			buildConfigurationList = BC2CCDE12F174A5200406D9A /* Build configuration list for PBXNativeTarget "Notelayer" */;
			buildPhases = (
				82B0E0AEC4AF1916B16D3C9F /* [CP] Check Pods Manifest.lock */,
				BC2CCDD22F174A5100406D9A /* Sources */,
				BC2CCDD32F174A5100406D9A /* Frameworks */,
				BC2CCDD42F174A5100406D9A /* Resources */,
				BC5D91FB2F29A5BD00C183A4 /* Embed Foundation Extensions */,
				C186F52616A3EE226A3DDD02 /* [CP] Embed Pods Frameworks */,
			);
			buildRules = (
			);
			dependencies = (
				BC5D91F52F29A5BD00C183A4 /* PBXTargetDependency */,
			);
			fileSystemSynchronizedGroups = (
				BC2CCDD82F174A5100406D9A /* Notelayer */,
			);
			name = Notelayer;
			productName = Notelayer;
			productReference = BC2CCDD62F174A5100406D9A /* Notelayer.app */;
			productType = "com.apple.product-type.application";
		};
		BC5D91EB2F29A5BD00C183A4 /* NotelayerShareExtension */ = {
			isa = PBXNativeTarget;
			buildConfigurationList = BC5D91F82F29A5BD00C183A4 /* Build configuration list for PBXNativeTarget "NotelayerShareExtension" */;
			buildPhases = (
				BC5D91E82F29A5BD00C183A4 /* Sources */,
				BC5D91E92F29A5BD00C183A4 /* Frameworks */,
				BC5D91EA2F29A5BD00C183A4 /* Resources */,
			);
			buildRules = (
			);
			dependencies = (
			);
			fileSystemSynchronizedGroups = (
				BC5D91ED2F29A5BD00C183A4 /* NotelayerShareExtension */,
			);
			name = NotelayerShareExtension;
			productName = NotelayerShareExtension;
			productReference = BC5D91EC2F29A5BD00C183A4 /* NotelayerShareExtension.appex */;
			productType = "com.apple.product-type.app-extension";
		};
		F1A0B1C2D3E4F50000000041 /* NotelayerInsightsTests */ = {
			isa = PBXNativeTarget;
			buildConfigurationList = F1A0B1C2D3E4F50000000061 /* Build configuration list for PBXNativeTarget "NotelayerInsightsTests" */;
			buildPhases = (
				F1A0B1C2D3E4F50000000031 /* Sources */,
				F1A0B1C2D3E4F50000000032 /* Frameworks */,
				F1A0B1C2D3E4F50000000033 /* Resources */,
			);
			buildRules = (
			);
			dependencies = (
			);
			name = NotelayerInsightsTests;
			productName = NotelayerInsightsTests;
			productReference = F1A0B1C2D3E4F50000000003 /* NotelayerInsightsTests.xctest */;
			productType = "com.apple.product-type.bundle.unit-test";
		};
/* End PBXNativeTarget section */

/* Begin PBXProject section */
		BC2CCDCE2F174A5100406D9A /* Project object */ = {
			isa = PBXProject;
			attributes = {
				BuildIndependentTargetsInParallel = 1;
				LastSwiftUpdateCheck = 2620;
				LastUpgradeCheck = 2620;
				TargetAttributes = {
					303233363063333438613162 = {
						TestTargetID = BC2CCDD52F174A5100406D9A;
					};
					BC2CCDD52F174A5100406D9A = {
						CreatedOnToolsVersion = 26.2;
						SystemCapabilities = {
							303233363063333438613162 = {
								CreatedOnToolsVersion = 26.2;
								TestTargetID = BC2CCDD52F174A5100406D9A;
							};
							com.apple.Push = {
								enabled = 1;
							};
						};
					};
					BC5D91EB2F29A5BD00C183A4 = {
						CreatedOnToolsVersion = 26.2;
					};
				};
			};
			buildConfigurationList = BC2CCDD12F174A5100406D9A /* Build configuration list for PBXProject "Notelayer" */;
			developmentRegion = en;
			hasScannedForEncodings = 0;
			knownRegions = (
				en,
				Base,
			);
			mainGroup = BC2CCDCD2F174A5100406D9A;
			minimizedProjectReferenceProxies = 1;
			preferredProjectObjectVersion = 77;
			productRefGroup = BC2CCDD72F174A5100406D9A /* Products */;
			projectDirPath = "";
			projectRoot = "";
			targets = (
				BC2CCDD52F174A5100406D9A /* Notelayer */,
				F1A0B1C2D3E4F50000000041 /* NotelayerInsightsTests */,
				303233363063333438613162 /* NotelayerScreenshotTests */,
				BC5D91EB2F29A5BD00C183A4 /* NotelayerShareExtension */,
			);
		};
/* End PBXProject section */

/* Begin PBXResourcesBuildPhase section */
		626364633737643165316262 /* Resources */ = {
			isa = PBXResourcesBuildPhase;
			buildActionMask = 2147483647;
			files = (
			);
			runOnlyForDeploymentPostprocessing = 0;
		};
		BC2CCDD42F174A5100406D9A /* Resources */ = {
			isa = PBXResourcesBuildPhase;
			buildActionMask = 2147483647;
			files = (
				BC3A1B1B2F1A000100406D9A /* GoogleService-Info.plist in Resources */,
			);
			runOnlyForDeploymentPostprocessing = 0;
		};
		BC5D91EA2F29A5BD00C183A4 /* Resources */ = {
			isa = PBXResourcesBuildPhase;
			buildActionMask = 2147483647;
			files = (
				BC9FDFA92F305CFC0011A419 /* GoogleService-Info.plist in Resources */,
			);
			runOnlyForDeploymentPostprocessing = 0;
		};
		F1A0B1C2D3E4F50000000033 /* Resources */ = {
			isa = PBXResourcesBuildPhase;
			buildActionMask = 2147483647;
			files = (
			);
			runOnlyForDeploymentPostprocessing = 0;
		};
/* End PBXResourcesBuildPhase section */

/* Begin PBXShellScriptBuildPhase section */
		82B0E0AEC4AF1916B16D3C9F /* [CP] Check Pods Manifest.lock */ = {
			isa = PBXShellScriptBuildPhase;
			buildActionMask = 2147483647;
			files = (
			);
			inputFileListPaths = (
			);
			inputPaths = (
				"${PODS_PODFILE_DIR_PATH}/Podfile.lock",
				"${PODS_ROOT}/Manifest.lock",
			);
			name = "[CP] Check Pods Manifest.lock";
			outputFileListPaths = (
			);
			outputPaths = (
				"$(DERIVED_FILE_DIR)/Pods-Notelayer-checkManifestLockResult.txt",
			);
			runOnlyForDeploymentPostprocessing = 0;
			shellPath = /bin/sh;
			shellScript = "diff \"${PODS_PODFILE_DIR_PATH}/Podfile.lock\" \"${PODS_ROOT}/Manifest.lock\" > /dev/null\nif [ $? != 0 ] ; then\n    # print error to STDERR\n    echo \"error: The sandbox is not in sync with the Podfile.lock. Run 'pod install' or update your CocoaPods installation.\" >&2\n    exit 1\nfi\n# This output is used by Xcode 'outputs' to avoid re-running this script phase.\necho \"SUCCESS\" > \"${SCRIPT_OUTPUT_FILE_0}\"\n";
			showEnvVarsInLog = 0;
		};
		C186F52616A3EE226A3DDD02 /* [CP] Embed Pods Frameworks */ = {
			isa = PBXShellScriptBuildPhase;
			buildActionMask = 2147483647;
			files = (
			);
			inputFileListPaths = (
				"${PODS_ROOT}/Target Support Files/Pods-Notelayer/Pods-Notelayer-frameworks-${CONFIGURATION}-input-files.xcfilelist",
			);
			inputPaths = (
			);
			name = "[CP] Embed Pods Frameworks";
			outputFileListPaths = (
				"${PODS_ROOT}/Target Support Files/Pods-Notelayer/Pods-Notelayer-frameworks-${CONFIGURATION}-output-files.xcfilelist",
			);
			outputPaths = (
			);
			runOnlyForDeploymentPostprocessing = 0;
			shellPath = /bin/sh;
			shellScript = "\"${PODS_ROOT}/Target Support Files/Pods-Notelayer/Pods-Notelayer-frameworks.sh\"\n";
			showEnvVarsInLog = 0;
		};
/* End PBXShellScriptBuildPhase section */

/* Begin PBXSourcesBuildPhase section */
		373439373734396364633064 /* Sources */ = {
			isa = PBXSourcesBuildPhase;
			buildActionMask = 2147483647;
			files = (
				E2828DDB85AF624896C03D90 /* ScreenshotGenerationTests.swift in Sources */,
			);
			runOnlyForDeploymentPostprocessing = 0;
		};
		BC2CCDD22F174A5100406D9A /* Sources */ = {
			isa = PBXSourcesBuildPhase;
			buildActionMask = 2147483647;
			files = (
			);
			runOnlyForDeploymentPostprocessing = 0;
		};
		BC5D91E82F29A5BD00C183A4 /* Sources */ = {
			isa = PBXSourcesBuildPhase;
			buildActionMask = 2147483647;
			files = (
			);
			runOnlyForDeploymentPostprocessing = 0;
		};
		F1A0B1C2D3E4F50000000031 /* Sources */ = {
			isa = PBXSourcesBuildPhase;
			buildActionMask = 2147483647;
			files = (
				F1A0B1C2D3E4F50000000011 /* InsightsAggregatorTests.swift in Sources */,
				F1A0B1C2D3E4F50000000012 /* Notelayer/Data/Models.swift in Sources */,
				F1A0B1C2D3E4F50000000016 /* Notelayer/Data/CategoryColorDefaults.swift in Sources */,
				F1A0B1C2D3E4F50000000013 /* Notelayer/Data/InsightsMetricDefinitions.swift in Sources */,
				F1A0B1C2D3E4F50000000014 /* Notelayer/Services/InsightsTelemetryStore.swift in Sources */,
				F1A0B1C2D3E4F50000000015 /* Notelayer/Services/InsightsAggregator.swift in Sources */,
				F1A0B1C2D3E4F50000000017 /* InsightsStressFixture.swift in Sources */,
			);
			runOnlyForDeploymentPostprocessing = 0;
		};
/* End PBXSourcesBuildPhase section */

/* Begin PBXTargetDependency section */
		626232656465613338653137 /* PBXTargetDependency */ = {
			isa = PBXTargetDependency;
			target = BC2CCDD52F174A5100406D9A /* Notelayer */;
			targetProxy = BC2B47932F25421C00F6D5C6 /* PBXContainerItemProxy */;
		};
		BC5D91F52F29A5BD00C183A4 /* PBXTargetDependency */ = {
			isa = PBXTargetDependency;
			target = BC5D91EB2F29A5BD00C183A4 /* NotelayerShareExtension */;
			targetProxy = BC5D91F42F29A5BD00C183A4 /* PBXContainerItemProxy */;
		};
/* End PBXTargetDependency section */

/* Begin XCBuildConfiguration section */
		316333343931663132313334 /* Debug */ = {
			isa = XCBuildConfiguration;
			buildSettings = {
				CODE_SIGN_STYLE = Automatic;
				DEVELOPMENT_TEAM = DPVQ2X986Z;
				ENABLE_USER_SCRIPT_SANDBOXING = NO;
				INFOPLIST_FILE = NotelayerScreenshotTests/Info.plist;
				IPHONEOS_DEPLOYMENT_TARGET = 16.0;
				LD_RUNPATH_SEARCH_PATHS = (
					"$(inherited)",
					"@executable_path/Frameworks",
					"@loader_path/Frameworks",
				);
				PRODUCT_BUNDLE_IDENTIFIER = com.notelayer.app.NotelayerScreenshotTests;
				PRODUCT_NAME = "$(TARGET_NAME)";
				SDKROOT = iphoneos;
				SWIFT_EMIT_LOC_STRINGS = NO;
				SWIFT_VERSION = 5.0;
				TARGETED_DEVICE_FAMILY = "1,2";
				TEST_TARGET_NAME = Notelayer;
			};
			name = Debug;
		};
		383230653634346261333439 /* Release */ = {
			isa = XCBuildConfiguration;
			buildSettings = {
				CODE_SIGN_STYLE = Automatic;
				DEVELOPMENT_TEAM = DPVQ2X986Z;
				ENABLE_USER_SCRIPT_SANDBOXING = NO;
				INFOPLIST_FILE = NotelayerScreenshotTests/Info.plist;
				IPHONEOS_DEPLOYMENT_TARGET = 16.0;
				LD_RUNPATH_SEARCH_PATHS = (
					"$(inherited)",
					"@executable_path/Frameworks",
					"@loader_path/Frameworks",
				);
				PRODUCT_BUNDLE_IDENTIFIER = com.notelayer.app.NotelayerScreenshotTests;
				PRODUCT_NAME = "$(TARGET_NAME)";
				SDKROOT = iphoneos;
				SWIFT_EMIT_LOC_STRINGS = NO;
				SWIFT_VERSION = 5.0;
				TARGETED_DEVICE_FAMILY = "1,2";
				TEST_TARGET_NAME = Notelayer;
			};
			name = Release;
		};
		BC2CCDDF2F174A5200406D9A /* Debug */ = {
			isa = XCBuildConfiguration;
			buildSettings = {
				ALWAYS_SEARCH_USER_PATHS = NO;
				ASSETCATALOG_COMPILER_GENERATE_SWIFT_ASSET_SYMBOL_EXTENSIONS = YES;
				CLANG_ANALYZER_NONNULL = YES;
				CLANG_ANALYZER_NUMBER_OBJECT_CONVERSION = YES_AGGRESSIVE;
				CLANG_CXX_LANGUAGE_STANDARD = "gnu++20";
				CLANG_ENABLE_MODULES = YES;
				CLANG_ENABLE_OBJC_ARC = YES;
				CLANG_ENABLE_OBJC_WEAK = YES;
				CLANG_WARN_BLOCK_CAPTURE_AUTORELEASING = YES;
				CLANG_WARN_BOOL_CONVERSION = YES;
				CLANG_WARN_COMMA = YES;
				CLANG_WARN_CONSTANT_CONVERSION = YES;
				CLANG_WARN_DEPRECATED_OBJC_IMPLEMENTATIONS = YES;
				CLANG_WARN_DIRECT_OBJC_ISA_USAGE = YES_ERROR;
				CLANG_WARN_DOCUMENTATION_COMMENTS = YES;
				CLANG_WARN_EMPTY_BODY = YES;
				CLANG_WARN_ENUM_CONVERSION = YES;
				CLANG_WARN_INFINITE_RECURSION = YES;
				CLANG_WARN_INT_CONVERSION = YES;
				CLANG_WARN_NON_LITERAL_NULL_CONVERSION = YES;
				CLANG_WARN_OBJC_IMPLICIT_RETAIN_SELF = YES;
				CLANG_WARN_OBJC_LITERAL_CONVERSION = YES;
				CLANG_WARN_OBJC_ROOT_CLASS = YES_ERROR;
				CLANG_WARN_QUOTED_INCLUDE_IN_FRAMEWORK_HEADER = YES;
				CLANG_WARN_RANGE_LOOP_ANALYSIS = YES;
				CLANG_WARN_STRICT_PROTOTYPES = YES;
				CLANG_WARN_SUSPICIOUS_MOVE = YES;
				CLANG_WARN_UNGUARDED_AVAILABILITY = YES_AGGRESSIVE;
				CLANG_WARN_UNREACHABLE_CODE = YES;
				CLANG_WARN__DUPLICATE_METHOD_MATCH = YES;
				CODE_SIGN_IDENTITY = "Apple Development: Ben Schreiber (FH64UUY96M)";
				COPY_PHASE_STRIP = NO;
				DEBUG_INFORMATION_FORMAT = dwarf;
				DEVELOPMENT_TEAM = DPVQ2X986Z;
				ENABLE_STRICT_OBJC_MSGSEND = YES;
				ENABLE_TESTABILITY = YES;
				ENABLE_USER_SCRIPT_SANDBOXING = YES;
				GCC_C_LANGUAGE_STANDARD = gnu17;
				GCC_DYNAMIC_NO_PIC = NO;
				GCC_NO_COMMON_BLOCKS = YES;
				GCC_OPTIMIZATION_LEVEL = 0;
				GCC_PREPROCESSOR_DEFINITIONS = (
					"DEBUG=1",
					"$(inherited)",
				);
				GCC_WARN_64_TO_32_BIT_CONVERSION = YES;
				GCC_WARN_ABOUT_RETURN_TYPE = YES_ERROR;
				GCC_WARN_UNDECLARED_SELECTOR = YES;
				GCC_WARN_UNINITIALIZED_AUTOS = YES_AGGRESSIVE;
				GCC_WARN_UNUSED_FUNCTION = YES;
				GCC_WARN_UNUSED_VARIABLE = YES;
				IPHONEOS_DEPLOYMENT_TARGET = 16.0;
				LOCALIZATION_PREFERS_STRING_CATALOGS = YES;
				MTL_ENABLE_DEBUG_INFO = INCLUDE_SOURCE;
				MTL_FAST_MATH = YES;
				ONLY_ACTIVE_ARCH = YES;
				SDKROOT = iphoneos;
				STRING_CATALOG_GENERATE_SYMBOLS = YES;
				SWIFT_ACTIVE_COMPILATION_CONDITIONS = "DEBUG $(inherited)";
				SWIFT_OPTIMIZATION_LEVEL = "-Onone";
			};
			name = Debug;
		};
		BC2CCDE02F174A5200406D9A /* Release */ = {
			isa = XCBuildConfiguration;
			buildSettings = {
				ALWAYS_SEARCH_USER_PATHS = NO;
				ASSETCATALOG_COMPILER_GENERATE_SWIFT_ASSET_SYMBOL_EXTENSIONS = YES;
				CLANG_ANALYZER_NONNULL = YES;
				CLANG_ANALYZER_NUMBER_OBJECT_CONVERSION = YES_AGGRESSIVE;
				CLANG_CXX_LANGUAGE_STANDARD = "gnu++20";
				CLANG_ENABLE_MODULES = YES;
				CLANG_ENABLE_OBJC_ARC = YES;
				CLANG_ENABLE_OBJC_WEAK = YES;
				CLANG_WARN_BLOCK_CAPTURE_AUTORELEASING = YES;
				CLANG_WARN_BOOL_CONVERSION = YES;
				CLANG_WARN_COMMA = YES;
				CLANG_WARN_CONSTANT_CONVERSION = YES;
				CLANG_WARN_DEPRECATED_OBJC_IMPLEMENTATIONS = YES;
				CLANG_WARN_DIRECT_OBJC_ISA_USAGE = YES_ERROR;
				CLANG_WARN_DOCUMENTATION_COMMENTS = YES;
				CLANG_WARN_EMPTY_BODY = YES;
				CLANG_WARN_ENUM_CONVERSION = YES;
				CLANG_WARN_INFINITE_RECURSION = YES;
				CLANG_WARN_INT_CONVERSION = YES;
				CLANG_WARN_NON_LITERAL_NULL_CONVERSION = YES;
				CLANG_WARN_OBJC_IMPLICIT_RETAIN_SELF = YES;
				CLANG_WARN_OBJC_LITERAL_CONVERSION = YES;
				CLANG_WARN_OBJC_ROOT_CLASS = YES_ERROR;
				CLANG_WARN_QUOTED_INCLUDE_IN_FRAMEWORK_HEADER = YES;
				CLANG_WARN_RANGE_LOOP_ANALYSIS = YES;
				CLANG_WARN_STRICT_PROTOTYPES = YES;
				CLANG_WARN_SUSPICIOUS_MOVE = YES;
				CLANG_WARN_UNGUARDED_AVAILABILITY = YES_AGGRESSIVE;
				CLANG_WARN_UNREACHABLE_CODE = YES;
				CLANG_WARN__DUPLICATE_METHOD_MATCH = YES;
				CODE_SIGN_IDENTITY = "Apple Development: Ben Schreiber (FH64UUY96M)";
				COPY_PHASE_STRIP = NO;
				DEBUG_INFORMATION_FORMAT = "dwarf-with-dsym";
				DEVELOPMENT_TEAM = DPVQ2X986Z;
				ENABLE_NS_ASSERTIONS = NO;
				ENABLE_STRICT_OBJC_MSGSEND = YES;
				ENABLE_USER_SCRIPT_SANDBOXING = YES;
				GCC_C_LANGUAGE_STANDARD = gnu17;
				GCC_NO_COMMON_BLOCKS = YES;
				GCC_WARN_64_TO_32_BIT_CONVERSION = YES;
				GCC_WARN_ABOUT_RETURN_TYPE = YES_ERROR;
				GCC_WARN_UNDECLARED_SELECTOR = YES;
				GCC_WARN_UNINITIALIZED_AUTOS = YES_AGGRESSIVE;
				GCC_WARN_UNUSED_FUNCTION = YES;
				GCC_WARN_UNUSED_VARIABLE = YES;
				IPHONEOS_DEPLOYMENT_TARGET = 16.0;
				LOCALIZATION_PREFERS_STRING_CATALOGS = YES;
				MTL_ENABLE_DEBUG_INFO = NO;
				MTL_FAST_MATH = YES;
				SDKROOT = iphoneos;
				STRING_CATALOG_GENERATE_SYMBOLS = YES;
				SWIFT_COMPILATION_MODE = wholemodule;
				VALIDATE_PRODUCT = YES;
			};
			name = Release;
		};
		BC2CCDE22F174A5200406D9A /* Debug */ = {
			isa = XCBuildConfiguration;
			baseConfigurationReference = 028BD27DA9D4DD97E8AA6B32 /* Pods-Notelayer.debug.xcconfig */;
			buildSettings = {
				ASSETCATALOG_COMPILER_APPICON_NAME = AppIcon;
				ASSETCATALOG_COMPILER_GLOBAL_ACCENT_COLOR_NAME = AccentColor;
				CODE_SIGN_ENTITLEMENTS = Notelayer/Notelayer.entitlements;
				CODE_SIGN_IDENTITY = "Apple Development";
				CODE_SIGN_STYLE = Automatic;
				CURRENT_PROJECT_VERSION = 1;
				DEBUG_INFORMATION_FORMAT = dwarf;
				DEVELOPMENT_TEAM = DPVQ2X986Z;
				ENABLE_PREVIEWS = YES;
				ENABLE_USER_SCRIPT_SANDBOXING = NO;
				GENERATE_INFOPLIST_FILE = NO;
				INFOPLIST_FILE = Info.plist;
				INFOPLIST_KEY_CFBundleDisplayName = NoteLayer;
				INFOPLIST_KEY_CFBundleURLTypes = "( { CFBundleTypeRole = Editor; CFBundleURLName = \"com.notelayer.app\"; CFBundleURLSchemes = ( \"com.googleusercontent.apps.762003542605-0mkmvhr2ak9dg7g000jvuaeokfh8d4el\" ); } )";
				INFOPLIST_KEY_LSApplicationCategoryType = "public.app-category.productivity";
				INFOPLIST_KEY_UIApplicationSceneManifest_Generation = YES;
				INFOPLIST_KEY_UIApplicationSupportsIndirectInputEvents = YES;
				INFOPLIST_KEY_UILaunchScreen_Generation = YES;
				INFOPLIST_KEY_UISupportedInterfaceOrientations_iPad = "UIInterfaceOrientationPortrait UIInterfaceOrientationPortraitUpsideDown UIInterfaceOrientationLandscapeLeft UIInterfaceOrientationLandscapeRight";
				INFOPLIST_KEY_UISupportedInterfaceOrientations_iPhone = "UIInterfaceOrientationPortrait UIInterfaceOrientationLandscapeLeft UIInterfaceOrientationLandscapeRight";
				IPHONEOS_DEPLOYMENT_TARGET = 16.0;
				LD_RUNPATH_SEARCH_PATHS = (
					"$(inherited)",
					"@executable_path/Frameworks",
				);
				MARKETING_VERSION = 1.4.5;
				PRODUCT_BUNDLE_IDENTIFIER = com.notelayer.app;
				PRODUCT_NAME = "$(TARGET_NAME)";
				PROVISIONING_PROFILE_SPECIFIER = "";
				REVERSED_CLIENT_ID = "com.googleusercontent.apps.762003542605-0mkmvhr2ak9dg7g000jvuaeokfh8d4el";
				STRING_CATALOG_GENERATE_SYMBOLS = YES;
				SWIFT_APPROACHABLE_CONCURRENCY = YES;
				SWIFT_DEFAULT_ACTOR_ISOLATION = MainActor;
				SWIFT_EMIT_LOC_STRINGS = YES;
				SWIFT_UPCOMING_FEATURE_MEMBER_IMPORT_VISIBILITY = YES;
				SWIFT_VERSION = 5.0;
				TARGETED_DEVICE_FAMILY = "1,2";
			};
			name = Debug;
		};
		BC2CCDE32F174A5200406D9A /* Release */ = {
			isa = XCBuildConfiguration;
			baseConfigurationReference = B1668D698DB0F51955D2B3ED /* Pods-Notelayer.release.xcconfig */;
			buildSettings = {
				ASSETCATALOG_COMPILER_APPICON_NAME = AppIcon;
				ASSETCATALOG_COMPILER_GLOBAL_ACCENT_COLOR_NAME = AccentColor;
				CODE_SIGN_ENTITLEMENTS = Notelayer/NotelayerRelease.entitlements;
				CODE_SIGN_IDENTITY = "Apple Development";
				CODE_SIGN_STYLE = Automatic;
				COPY_PHASE_STRIP = YES;
				CURRENT_PROJECT_VERSION = 1;
				DEVELOPMENT_TEAM = DPVQ2X986Z;
				ENABLE_PREVIEWS = YES;
				ENABLE_USER_SCRIPT_SANDBOXING = NO;
				GENERATE_INFOPLIST_FILE = NO;
				INFOPLIST_FILE = Info.plist;
				INFOPLIST_KEY_CFBundleDisplayName = NoteLayer;
				INFOPLIST_KEY_CFBundleURLTypes = "( { CFBundleTypeRole = Editor; CFBundleURLName = \"com.notelayer.app\"; CFBundleURLSchemes = ( \"com.googleusercontent.apps.762003542605-0mkmvhr2ak9dg7g000jvuaeokfh8d4el\" ); } )";
				INFOPLIST_KEY_LSApplicationCategoryType = "public.app-category.productivity";
				INFOPLIST_KEY_UIApplicationSceneManifest_Generation = YES;
				INFOPLIST_KEY_UIApplicationSupportsIndirectInputEvents = YES;
				INFOPLIST_KEY_UILaunchScreen_Generation = YES;
				INFOPLIST_KEY_UISupportedInterfaceOrientations_iPad = "UIInterfaceOrientationPortrait UIInterfaceOrientationPortraitUpsideDown UIInterfaceOrientationLandscapeLeft UIInterfaceOrientationLandscapeRight";
				INFOPLIST_KEY_UISupportedInterfaceOrientations_iPhone = "UIInterfaceOrientationPortrait UIInterfaceOrientationLandscapeLeft UIInterfaceOrientationLandscapeRight";
				IPHONEOS_DEPLOYMENT_TARGET = 16.0;
				LD_RUNPATH_SEARCH_PATHS = (
					"$(inherited)",
					"@executable_path/Frameworks",
				);
				MARKETING_VERSION = 1.4.5;
				PRODUCT_BUNDLE_IDENTIFIER = com.notelayer.app;
				PRODUCT_NAME = "$(TARGET_NAME)";
				PROVISIONING_PROFILE_SPECIFIER = "";
				REVERSED_CLIENT_ID = "com.googleusercontent.apps.762003542605-0mkmvhr2ak9dg7g000jvuaeokfh8d4el";
				STRING_CATALOG_GENERATE_SYMBOLS = YES;
				SWIFT_APPROACHABLE_CONCURRENCY = YES;
				SWIFT_DEFAULT_ACTOR_ISOLATION = MainActor;
				SWIFT_EMIT_LOC_STRINGS = YES;
				SWIFT_UPCOMING_FEATURE_MEMBER_IMPORT_VISIBILITY = YES;
				SWIFT_VERSION = 5.0;
				TARGETED_DEVICE_FAMILY = "1,2";
			};
			name = Release;
		};
		BC5D91F92F29A5BD00C183A4 /* Debug */ = {
			isa = XCBuildConfiguration;
			buildSettings = {
				CODE_SIGN_ENTITLEMENTS = NotelayerShareExtension/NotelayerShareExtension.entitlements;
				CODE_SIGN_IDENTITY = "Apple Development";
				CODE_SIGN_STYLE = Automatic;
				CURRENT_PROJECT_VERSION = 1;
				DEVELOPMENT_TEAM = DPVQ2X986Z;
				ENABLE_USER_SCRIPT_SANDBOXING = NO;
				GENERATE_INFOPLIST_FILE = NO;
				INFOPLIST_FILE = NotelayerShareExtension/Info.plist;
				INFOPLIST_KEY_CFBundleDisplayName = NotelayerShareExtension;
				INFOPLIST_KEY_NSHumanReadableCopyright = "";
				IPHONEOS_DEPLOYMENT_TARGET = 16.6;
				LD_RUNPATH_SEARCH_PATHS = (
					"$(inherited)",
					"@executable_path/Frameworks",
					"@executable_path/../../Frameworks",
				);
				MARKETING_VERSION = 1.4.5;
				PRODUCT_BUNDLE_IDENTIFIER = com.notelayer.app.ShareExtension;
				PRODUCT_NAME = "$(TARGET_NAME)";
				PROVISIONING_PROFILE_SPECIFIER = "";
				SKIP_INSTALL = YES;
				STRING_CATALOG_GENERATE_SYMBOLS = YES;
				SWIFT_APPROACHABLE_CONCURRENCY = YES;
				SWIFT_EMIT_LOC_STRINGS = YES;
				SWIFT_UPCOMING_FEATURE_MEMBER_IMPORT_VISIBILITY = YES;
				SWIFT_VERSION = 5.0;
				TARGETED_DEVICE_FAMILY = "1,2";
			};
			name = Debug;
		};
		BC5D91FA2F29A5BD00C183A4 /* Release */ = {
			isa = XCBuildConfiguration;
			buildSettings = {
				CODE_SIGN_ENTITLEMENTS = NotelayerShareExtension/NotelayerShareExtension.entitlements;
				CODE_SIGN_IDENTITY = "Apple Development";
				CODE_SIGN_STYLE = Automatic;
				CURRENT_PROJECT_VERSION = 1;
				DEVELOPMENT_TEAM = DPVQ2X986Z;
				ENABLE_USER_SCRIPT_SANDBOXING = NO;
				GENERATE_INFOPLIST_FILE = NO;
				INFOPLIST_FILE = NotelayerShareExtension/Info.plist;
				INFOPLIST_KEY_CFBundleDisplayName = NotelayerShareExtension;
				INFOPLIST_KEY_NSHumanReadableCopyright = "";
				IPHONEOS_DEPLOYMENT_TARGET = 16.6;
				LD_RUNPATH_SEARCH_PATHS = (
					"$(inherited)",
					"@executable_path/Frameworks",
					"@executable_path/../../Frameworks",
				);
				MARKETING_VERSION = 1.4.5;
				PRODUCT_BUNDLE_IDENTIFIER = com.notelayer.app.ShareExtension;
				PRODUCT_NAME = "$(TARGET_NAME)";
				PROVISIONING_PROFILE_SPECIFIER = "";
				SKIP_INSTALL = YES;
				STRING_CATALOG_GENERATE_SYMBOLS = YES;
				SWIFT_APPROACHABLE_CONCURRENCY = YES;
				SWIFT_EMIT_LOC_STRINGS = YES;
				SWIFT_UPCOMING_FEATURE_MEMBER_IMPORT_VISIBILITY = YES;
				SWIFT_VERSION = 5.0;
				TARGETED_DEVICE_FAMILY = "1,2";
			};
			name = Release;
		};
		F1A0B1C2D3E4F50000000051 /* Debug */ = {
			isa = XCBuildConfiguration;
			buildSettings = {
				CODE_SIGN_STYLE = Automatic;
				DEVELOPMENT_TEAM = DPVQ2X986Z;
				ENABLE_USER_SCRIPT_SANDBOXING = NO;
				INFOPLIST_FILE = NotelayerInsightsTests/Info.plist;
				IPHONEOS_DEPLOYMENT_TARGET = 16.0;
				LD_RUNPATH_SEARCH_PATHS = (
					"$(inherited)",
					"@executable_path/Frameworks",
					"@loader_path/Frameworks",
				);
				PRODUCT_BUNDLE_IDENTIFIER = com.notelayer.app.NotelayerInsightsTests;
				PRODUCT_NAME = "$(TARGET_NAME)";
				SDKROOT = iphoneos;
				SWIFT_EMIT_LOC_STRINGS = NO;
				SWIFT_VERSION = 5.0;
				TARGETED_DEVICE_FAMILY = "1,2";
			};
			name = Debug;
		};
		F1A0B1C2D3E4F50000000052 /* Release */ = {
			isa = XCBuildConfiguration;
			buildSettings = {
				CODE_SIGN_STYLE = Automatic;
				DEVELOPMENT_TEAM = DPVQ2X986Z;
				ENABLE_USER_SCRIPT_SANDBOXING = NO;
				INFOPLIST_FILE = NotelayerInsightsTests/Info.plist;
				IPHONEOS_DEPLOYMENT_TARGET = 16.0;
				LD_RUNPATH_SEARCH_PATHS = (
					"$(inherited)",
					"@executable_path/Frameworks",
					"@loader_path/Frameworks",
				);
				PRODUCT_BUNDLE_IDENTIFIER = com.notelayer.app.NotelayerInsightsTests;
				PRODUCT_NAME = "$(TARGET_NAME)";
				SDKROOT = iphoneos;
				SWIFT_EMIT_LOC_STRINGS = NO;
				SWIFT_VERSION = 5.0;
				TARGETED_DEVICE_FAMILY = "1,2";
			};
			name = Release;
		};
/* End XCBuildConfiguration section */

/* Begin XCConfigurationList section */
		653636356164663864626163 /* Build configuration list for PBXNativeTarget "NotelayerScreenshotTests" */ = {
			isa = XCConfigurationList;
			buildConfigurations = (
				316333343931663132313334 /* Debug */,
				383230653634346261333439 /* Release */,
			);
			defaultConfigurationIsVisible = 0;
			defaultConfigurationName = Release;
		};
		BC2CCDD12F174A5100406D9A /* Build configuration list for PBXProject "Notelayer" */ = {
			isa = XCConfigurationList;
			buildConfigurations = (
				BC2CCDDF2F174A5200406D9A /* Debug */,
				BC2CCDE02F174A5200406D9A /* Release */,
			);
			defaultConfigurationIsVisible = 0;
			defaultConfigurationName = Release;
		};
		BC2CCDE12F174A5200406D9A /* Build configuration list for PBXNativeTarget "Notelayer" */ = {
			isa = XCConfigurationList;
			buildConfigurations = (
				BC2CCDE22F174A5200406D9A /* Debug */,
				BC2CCDE32F174A5200406D9A /* Release */,
			);
			defaultConfigurationIsVisible = 0;
			defaultConfigurationName = Release;
		};
		BC5D91F82F29A5BD00C183A4 /* Build configuration list for PBXNativeTarget "NotelayerShareExtension" */ = {
			isa = XCConfigurationList;
			buildConfigurations = (
				BC5D91F92F29A5BD00C183A4 /* Debug */,
				BC5D91FA2F29A5BD00C183A4 /* Release */,
			);
			defaultConfigurationIsVisible = 0;
			defaultConfigurationName = Release;
		};
		F1A0B1C2D3E4F50000000061 /* Build configuration list for PBXNativeTarget "NotelayerInsightsTests" */ = {
			isa = XCConfigurationList;
			buildConfigurations = (
				F1A0B1C2D3E4F50000000051 /* Debug */,
				F1A0B1C2D3E4F50000000052 /* Release */,
			);
			defaultConfigurationIsVisible = 0;
			defaultConfigurationName = Release;
		};
/* End XCConfigurationList section */
	};
	rootObject = BC2CCDCE2F174A5100406D9A /* Project object */;
}
